
Microsoft Visual Studio Solution File, Format Version 12.00
# Visual Studio Version 17
VisualStudioVersion = 17.11.35208.52
MinimumVisualStudioVersion = 10.0.40219.1
Project("{9092AA53-FB77-4645-B42D-1CCCA6BD08BD}") = "nodeJsApp", "nodeJsApp\nodeJsApp.njsproj", "{2EAEE69E-CAD3-4737-B645-30A7F1A0EBCB}"
EndProject
Global
	GlobalSection(SolutionConfigurationPlatforms) = preSolution
		Debug|Any CPU = Debug|Any CPU
		Release|Any CPU = Release|Any CPU
	EndGlobalSection
	GlobalSection(ProjectConfigurationPlatforms) = postSolution
		{2EAEE69E-CAD3-4737-B645-30A7F1A0EBCB}.Debug|Any CPU.ActiveCfg = Debug|Any CPU
		{2EAEE69E-CAD3-4737-B645-30A7F1A0EBCB}.Debug|Any CPU.Build.0 = Debug|Any CPU
		{2EAEE69E-CAD3-4737-B645-30A7F1A0EBCB}.Release|Any CPU.ActiveCfg = Release|Any CPU
		{2EAEE69E-CAD3-4737-B645-30A7F1A0EBCB}.Release|Any CPU.Build.0 = Release|Any CPU
	EndGlobalSection
	GlobalSection(SolutionProperties) = preSolution
		HideSolutionNode = FALSE
	EndGlobalSection
	GlobalSection(ExtensibilityGlobals) = postSolution
		SolutionGuid = {47250B7C-C36D-4282-B961-CCE73DBBD225}
	EndGlobalSection
EndGlobal
